
Microsoft Visual Studio Solution File, Format Version 12.00
# Visual Studio Version 17
VisualStudioVersion = 17.0.32014.148
MinimumVisualStudioVersion = 10.0.40219.1
Project("{9A19103F-16F7-4668-BE54-9A1E7A4F7556}") = "EasyScriptREPL", "EasyScriptREPL\EasyScriptREPL.csproj", "{FDBE178A-79DA-46BE-8C12-F9898EF5D601}"
EndProject
Project("{9A19103F-16F7-4668-BE54-9A1E7A4F7556}") = "EasyScript", "EasyCode\EasyScript.csproj", "{B6B147C1-D5BD-4F36-A080-9F116771DAAC}"
EndProject
Global
	GlobalSection(SolutionConfigurationPlatforms) = preSolution
		Debug|Any CPU = Debug|Any CPU
		Release|Any CPU = Release|Any CPU
	EndGlobalSection
	GlobalSection(ProjectConfigurationPlatforms) = postSolution
		{FDBE178A-79DA-46BE-8C12-F9898EF5D601}.Debug|Any CPU.ActiveCfg = Debug|Any CPU
		{FDBE178A-79DA-46BE-8C12-F9898EF5D601}.Debug|Any CPU.Build.0 = Debug|Any CPU
		{FDBE178A-79DA-46BE-8C12-F9898EF5D601}.Release|Any CPU.ActiveCfg = Release|Any CPU
		{FDBE178A-79DA-46BE-8C12-F9898EF5D601}.Release|Any CPU.Build.0 = Release|Any CPU
		{B6B147C1-D5BD-4F36-A080-9F116771DAAC}.Debug|Any CPU.ActiveCfg = Debug|Any CPU
		{B6B147C1-D5BD-4F36-A080-9F116771DAAC}.Debug|Any CPU.Build.0 = Debug|Any CPU
		{B6B147C1-D5BD-4F36-A080-9F116771DAAC}.Release|Any CPU.ActiveCfg = Release|Any CPU
		{B6B147C1-D5BD-4F36-A080-9F116771DAAC}.Release|Any CPU.Build.0 = Release|Any CPU
	EndGlobalSection
	GlobalSection(SolutionProperties) = preSolution
		HideSolutionNode = FALSE
	EndGlobalSection
	GlobalSection(ExtensibilityGlobals) = postSolution
		SolutionGuid = {6BB0D8B9-BD82-4537-A8ED-5CE44F049A10}
	EndGlobalSection
EndGlobal
